
Microsoft Visual Studio Solution File, Format Version 12.00
# Visual Studio Version 16
VisualStudioVersion = 16.0.32002.261
MinimumVisualStudioVersion = 10.0.40219.1
Project("{9A19103F-16F7-4668-BE54-9A1E7A4F7556}") = "ApiEjercicio", "ApiEjercicio\ApiEjercicio.csproj", "{976163A5-BA66-47CC-8FB0-DCB0A9FF869D}"
EndProject
Project("{FAE04EC0-301F-11D3-BF4B-00C04F79EFBC}") = "Pruebas", "Pruebas\Pruebas.csproj", "{A62D1A5A-6A09-4EC7-850F-5432BEF194AD}"
EndProject
Global
	GlobalSection(SolutionConfigurationPlatforms) = preSolution
		Debug|Any CPU = Debug|Any CPU
		Release|Any CPU = Release|Any CPU
	EndGlobalSection
	GlobalSection(ProjectConfigurationPlatforms) = postSolution
		{976163A5-BA66-47CC-8FB0-DCB0A9FF869D}.Debug|Any CPU.ActiveCfg = Debug|Any CPU
		{976163A5-BA66-47CC-8FB0-DCB0A9FF869D}.Debug|Any CPU.Build.0 = Debug|Any CPU
		{976163A5-BA66-47CC-8FB0-DCB0A9FF869D}.Release|Any CPU.ActiveCfg = Release|Any CPU
		{976163A5-BA66-47CC-8FB0-DCB0A9FF869D}.Release|Any CPU.Build.0 = Release|Any CPU
		{A62D1A5A-6A09-4EC7-850F-5432BEF194AD}.Debug|Any CPU.ActiveCfg = Debug|Any CPU
		{A62D1A5A-6A09-4EC7-850F-5432BEF194AD}.Debug|Any CPU.Build.0 = Debug|Any CPU
		{A62D1A5A-6A09-4EC7-850F-5432BEF194AD}.Release|Any CPU.ActiveCfg = Release|Any CPU
		{A62D1A5A-6A09-4EC7-850F-5432BEF194AD}.Release|Any CPU.Build.0 = Release|Any CPU
	EndGlobalSection
	GlobalSection(SolutionProperties) = preSolution
		HideSolutionNode = FALSE
	EndGlobalSection
	GlobalSection(ExtensibilityGlobals) = postSolution
		SolutionGuid = {C5F51842-2055-457C-9B5F-239EE34F1215}
	EndGlobalSection
EndGlobal
